
Microsoft Visual Studio Solution File, Format Version 12.00
# Visual Studio Version 16
VisualStudioVersion = 16.0.31729.503
MinimumVisualStudioVersion = 10.0.40219.1
Project("{FAE04EC0-301F-11D3-BF4B-00C04F79EFBC}") = "AssignmentC1+C2_School_Qiyuanliu", "AssignmentC1_School_Qiyuanliu\AssignmentC1+C2_School_Qiyuanliu.csproj", "{17E58D85-4309-471B-9526-F140D2F8EACE}"
EndProject
Global
	GlobalSection(SolutionConfigurationPlatforms) = preSolution
		Debug|Any CPU = Debug|Any CPU
		Release|Any CPU = Release|Any CPU
	EndGlobalSection
	GlobalSection(ProjectConfigurationPlatforms) = postSolution
		{17E58D85-4309-471B-9526-F140D2F8EACE}.Debug|Any CPU.ActiveCfg = Debug|Any CPU
		{17E58D85-4309-471B-9526-F140D2F8EACE}.Debug|Any CPU.Build.0 = Debug|Any CPU
		{17E58D85-4309-471B-9526-F140D2F8EACE}.Release|Any CPU.ActiveCfg = Release|Any CPU
		{17E58D85-4309-471B-9526-F140D2F8EACE}.Release|Any CPU.Build.0 = Release|Any CPU
	EndGlobalSection
	GlobalSection(SolutionProperties) = preSolution
		HideSolutionNode = FALSE
	EndGlobalSection
	GlobalSection(ExtensibilityGlobals) = postSolution
		SolutionGuid = {D9F56353-9B4D-4D9D-8E66-798115106E0B}
	EndGlobalSection
EndGlobal
